
Microsoft Visual Studio Solution File, Format Version 12.00
# Visual Studio Version 16
VisualStudioVersion = 16.0.32228.343
MinimumVisualStudioVersion = 10.0.40219.1
Project("{8BC9CEB8-8B4A-11D0-8D11-00A0C91BC942}") = "220504_data_structure10", "220504_data_structure10\220504_data_structure10.vcxproj", "{25DC895E-93A6-4171-AA6E-2E3A3805BF9C}"
EndProject
Global
	GlobalSection(SolutionConfigurationPlatforms) = preSolution
		Debug|x64 = Debug|x64
		Debug|x86 = Debug|x86
		Release|x64 = Release|x64
		Release|x86 = Release|x86
	EndGlobalSection
	GlobalSection(ProjectConfigurationPlatforms) = postSolution
		{25DC895E-93A6-4171-AA6E-2E3A3805BF9C}.Debug|x64.ActiveCfg = Debug|x64
		{25DC895E-93A6-4171-AA6E-2E3A3805BF9C}.Debug|x64.Build.0 = Debug|x64
		{25DC895E-93A6-4171-AA6E-2E3A3805BF9C}.Debug|x86.ActiveCfg = Debug|Win32
		{25DC895E-93A6-4171-AA6E-2E3A3805BF9C}.Debug|x86.Build.0 = Debug|Win32
		{25DC895E-93A6-4171-AA6E-2E3A3805BF9C}.Release|x64.ActiveCfg = Release|x64
		{25DC895E-93A6-4171-AA6E-2E3A3805BF9C}.Release|x64.Build.0 = Release|x64
		{25DC895E-93A6-4171-AA6E-2E3A3805BF9C}.Release|x86.ActiveCfg = Release|Win32
		{25DC895E-93A6-4171-AA6E-2E3A3805BF9C}.Release|x86.Build.0 = Release|Win32
	EndGlobalSection
	GlobalSection(SolutionProperties) = preSolution
		HideSolutionNode = FALSE
	EndGlobalSection
	GlobalSection(ExtensibilityGlobals) = postSolution
		SolutionGuid = {5CAB65A8-3C8B-4CA1-88ED-15CEF2F48F9A}
	EndGlobalSection
EndGlobal
