
Microsoft Visual Studio Solution File, Format Version 12.00
# Visual Studio Version 16
VisualStudioVersion = 16.0.32228.343
MinimumVisualStudioVersion = 10.0.40219.1
Project("{8BC9CEB8-8B4A-11D0-8D11-00A0C91BC942}") = "220513_data_circleQueue", "220513_data_circleQueue\220513_data_circleQueue.vcxproj", "{19D99D3F-31C5-4709-91F6-37AAA65FF8DE}"
EndProject
Global
	GlobalSection(SolutionConfigurationPlatforms) = preSolution
		Debug|x64 = Debug|x64
		Debug|x86 = Debug|x86
		Release|x64 = Release|x64
		Release|x86 = Release|x86
	EndGlobalSection
	GlobalSection(ProjectConfigurationPlatforms) = postSolution
		{19D99D3F-31C5-4709-91F6-37AAA65FF8DE}.Debug|x64.ActiveCfg = Debug|x64
		{19D99D3F-31C5-4709-91F6-37AAA65FF8DE}.Debug|x64.Build.0 = Debug|x64
		{19D99D3F-31C5-4709-91F6-37AAA65FF8DE}.Debug|x86.ActiveCfg = Debug|Win32
		{19D99D3F-31C5-4709-91F6-37AAA65FF8DE}.Debug|x86.Build.0 = Debug|Win32
		{19D99D3F-31C5-4709-91F6-37AAA65FF8DE}.Release|x64.ActiveCfg = Release|x64
		{19D99D3F-31C5-4709-91F6-37AAA65FF8DE}.Release|x64.Build.0 = Release|x64
		{19D99D3F-31C5-4709-91F6-37AAA65FF8DE}.Release|x86.ActiveCfg = Release|Win32
		{19D99D3F-31C5-4709-91F6-37AAA65FF8DE}.Release|x86.Build.0 = Release|Win32
	EndGlobalSection
	GlobalSection(SolutionProperties) = preSolution
		HideSolutionNode = FALSE
	EndGlobalSection
	GlobalSection(ExtensibilityGlobals) = postSolution
		SolutionGuid = {38A01416-B5AF-4647-B0B7-7EF6DECD4EFB}
	EndGlobalSection
EndGlobal
