
Microsoft Visual Studio Solution File, Format Version 12.00
# Visual Studio Version 16
VisualStudioVersion = 16.0.32228.343
MinimumVisualStudioVersion = 10.0.40219.1
Project("{8BC9CEB8-8B4A-11D0-8D11-00A0C91BC942}") = "220512_data_dualLinkedList_modifyDeletefunction", "220512_data_dualLinkedList_modifyDeletefunction\220512_data_dualLinkedList_modifyDeletefunction.vcxproj", "{CB8ADAD0-014D-4DC1-9438-05E62394D8D1}"
EndProject
Global
	GlobalSection(SolutionConfigurationPlatforms) = preSolution
		Debug|x64 = Debug|x64
		Debug|x86 = Debug|x86
		Release|x64 = Release|x64
		Release|x86 = Release|x86
	EndGlobalSection
	GlobalSection(ProjectConfigurationPlatforms) = postSolution
		{CB8ADAD0-014D-4DC1-9438-05E62394D8D1}.Debug|x64.ActiveCfg = Debug|x64
		{CB8ADAD0-014D-4DC1-9438-05E62394D8D1}.Debug|x64.Build.0 = Debug|x64
		{CB8ADAD0-014D-4DC1-9438-05E62394D8D1}.Debug|x86.ActiveCfg = Debug|Win32
		{CB8ADAD0-014D-4DC1-9438-05E62394D8D1}.Debug|x86.Build.0 = Debug|Win32
		{CB8ADAD0-014D-4DC1-9438-05E62394D8D1}.Release|x64.ActiveCfg = Release|x64
		{CB8ADAD0-014D-4DC1-9438-05E62394D8D1}.Release|x64.Build.0 = Release|x64
		{CB8ADAD0-014D-4DC1-9438-05E62394D8D1}.Release|x86.ActiveCfg = Release|Win32
		{CB8ADAD0-014D-4DC1-9438-05E62394D8D1}.Release|x86.Build.0 = Release|Win32
	EndGlobalSection
	GlobalSection(SolutionProperties) = preSolution
		HideSolutionNode = FALSE
	EndGlobalSection
	GlobalSection(ExtensibilityGlobals) = postSolution
		SolutionGuid = {18DFD5E9-1FA1-470B-8F9F-08D60189D95F}
	EndGlobalSection
EndGlobal
