
Microsoft Visual Studio Solution File, Format Version 12.00
# Visual Studio Version 16
VisualStudioVersion = 16.0.32228.343
MinimumVisualStudioVersion = 10.0.40219.1
Project("{8BC9CEB8-8B4A-11D0-8D11-00A0C91BC942}") = "Project1", "Project1\Project1.vcxproj", "{FF51670E-6421-4B4B-9A8B-7C3446A4BE41}"
EndProject
Global
	GlobalSection(SolutionConfigurationPlatforms) = preSolution
		Debug|x64 = Debug|x64
		Debug|x86 = Debug|x86
		Release|x64 = Release|x64
		Release|x86 = Release|x86
	EndGlobalSection
	GlobalSection(ProjectConfigurationPlatforms) = postSolution
		{FF51670E-6421-4B4B-9A8B-7C3446A4BE41}.Debug|x64.ActiveCfg = Debug|x64
		{FF51670E-6421-4B4B-9A8B-7C3446A4BE41}.Debug|x64.Build.0 = Debug|x64
		{FF51670E-6421-4B4B-9A8B-7C3446A4BE41}.Debug|x86.ActiveCfg = Debug|Win32
		{FF51670E-6421-4B4B-9A8B-7C3446A4BE41}.Debug|x86.Build.0 = Debug|Win32
		{FF51670E-6421-4B4B-9A8B-7C3446A4BE41}.Release|x64.ActiveCfg = Release|x64
		{FF51670E-6421-4B4B-9A8B-7C3446A4BE41}.Release|x64.Build.0 = Release|x64
		{FF51670E-6421-4B4B-9A8B-7C3446A4BE41}.Release|x86.ActiveCfg = Release|Win32
		{FF51670E-6421-4B4B-9A8B-7C3446A4BE41}.Release|x86.Build.0 = Release|Win32
	EndGlobalSection
	GlobalSection(SolutionProperties) = preSolution
		HideSolutionNode = FALSE
	EndGlobalSection
	GlobalSection(ExtensibilityGlobals) = postSolution
		SolutionGuid = {09E049F5-FCF8-4FA9-9600-974F8C787895}
	EndGlobalSection
EndGlobal
